
Microsoft Visual Studio Solution File, Format Version 12.00
# Visual Studio Version 17
VisualStudioVersion = 17.9.34902.65
MinimumVisualStudioVersion = 10.0.40219.1
Project("{FAE04EC0-301F-11D3-BF4B-00C04F79EFBC}") = "StudentManagement1", "StudentManagement1.csproj", "{D56734DE-ACBD-48C0-AE89-D268938ABDE2}"
EndProject
Global
	GlobalSection(SolutionConfigurationPlatforms) = preSolution
		Debug|Any CPU = Debug|Any CPU
		Release|Any CPU = Release|Any CPU
	EndGlobalSection
	GlobalSection(ProjectConfigurationPlatforms) = postSolution
		{D56734DE-ACBD-48C0-AE89-D268938ABDE2}.Debug|Any CPU.ActiveCfg = Debug|Any CPU
		{D56734DE-ACBD-48C0-AE89-D268938ABDE2}.Debug|Any CPU.Build.0 = Debug|Any CPU
		{D56734DE-ACBD-48C0-AE89-D268938ABDE2}.Release|Any CPU.ActiveCfg = Release|Any CPU
		{D56734DE-ACBD-48C0-AE89-D268938ABDE2}.Release|Any CPU.Build.0 = Release|Any CPU
	EndGlobalSection
	GlobalSection(SolutionProperties) = preSolution
		HideSolutionNode = FALSE
	EndGlobalSection
	GlobalSection(ExtensibilityGlobals) = postSolution
		SolutionGuid = {C12B3A9E-AE9B-46D8-9507-CFBD0680D4FF}
	EndGlobalSection
EndGlobal
